
Microsoft Visual Studio Solution File, Format Version 12.00
# Visual Studio Version 16
VisualStudioVersion = 16.0.29920.165
MinimumVisualStudioVersion = 10.0.40219.1
Project("{FAE04EC0-301F-11D3-BF4B-00C04F79EFBC}") = "CRUDMYSQL", "CRUDMYSQL\CRUDMYSQL.csproj", "{C3113367-9C5B-459A-9387-B676BEAF80ED}"
EndProject
Global
	GlobalSection(SolutionConfigurationPlatforms) = preSolution
		Debug|Any CPU = Debug|Any CPU
		Release|Any CPU = Release|Any CPU
	EndGlobalSection
	GlobalSection(ProjectConfigurationPlatforms) = postSolution
		{C3113367-9C5B-459A-9387-B676BEAF80ED}.Debug|Any CPU.ActiveCfg = Debug|Any CPU
		{C3113367-9C5B-459A-9387-B676BEAF80ED}.Debug|Any CPU.Build.0 = Debug|Any CPU
		{C3113367-9C5B-459A-9387-B676BEAF80ED}.Release|Any CPU.ActiveCfg = Release|Any CPU
		{C3113367-9C5B-459A-9387-B676BEAF80ED}.Release|Any CPU.Build.0 = Release|Any CPU
	EndGlobalSection
	GlobalSection(SolutionProperties) = preSolution
		HideSolutionNode = FALSE
	EndGlobalSection
	GlobalSection(ExtensibilityGlobals) = postSolution
		SolutionGuid = {A50046F8-FF34-454C-A618-497B39BBE3E2}
	EndGlobalSection
EndGlobal
